
Microsoft Visual Studio Solution File, Format Version 12.00
# Visual Studio Version 16
VisualStudioVersion = 16.0.30907.101
MinimumVisualStudioVersion = 10.0.40219.1
Project("{8BC9CEB8-8B4A-11D0-8D11-00A0C91BC942}") = "Module5_Ch10_Ex19_WarstlerC", "Module5_Ch10_Ex19_WarstlerC.vcxproj", "{BAE651E0-FE2E-4AB0-84AB-1894B059F0DB}"
EndProject
Global
	GlobalSection(SolutionConfigurationPlatforms) = preSolution
		Debug|x64 = Debug|x64
		Debug|x86 = Debug|x86
		Release|x64 = Release|x64
		Release|x86 = Release|x86
	EndGlobalSection
	GlobalSection(ProjectConfigurationPlatforms) = postSolution
		{BAE651E0-FE2E-4AB0-84AB-1894B059F0DB}.Debug|x64.ActiveCfg = Debug|x64
		{BAE651E0-FE2E-4AB0-84AB-1894B059F0DB}.Debug|x64.Build.0 = Debug|x64
		{BAE651E0-FE2E-4AB0-84AB-1894B059F0DB}.Debug|x86.ActiveCfg = Debug|Win32
		{BAE651E0-FE2E-4AB0-84AB-1894B059F0DB}.Debug|x86.Build.0 = Debug|Win32
		{BAE651E0-FE2E-4AB0-84AB-1894B059F0DB}.Release|x64.ActiveCfg = Release|x64
		{BAE651E0-FE2E-4AB0-84AB-1894B059F0DB}.Release|x64.Build.0 = Release|x64
		{BAE651E0-FE2E-4AB0-84AB-1894B059F0DB}.Release|x86.ActiveCfg = Release|Win32
		{BAE651E0-FE2E-4AB0-84AB-1894B059F0DB}.Release|x86.Build.0 = Release|Win32
	EndGlobalSection
	GlobalSection(SolutionProperties) = preSolution
		HideSolutionNode = FALSE
	EndGlobalSection
	GlobalSection(ExtensibilityGlobals) = postSolution
		SolutionGuid = {A2590C6E-D7CD-4A0F-8A3E-5A695C82DB01}
	EndGlobalSection
EndGlobal
